
Microsoft Visual Studio Solution File, Format Version 12.00
# Visual Studio Version 17
VisualStudioVersion = 17.4.33110.190
MinimumVisualStudioVersion = 10.0.40219.1
Project("{FAE04EC0-301F-11D3-BF4B-00C04F79EFBC}") = "Starterkit.Demo", "Starterkit.Demo\Starterkit.Demo.csproj", "{4F672FCC-D508-41C7-8BF9-0E7B725763F9}"
EndProject
Global
	GlobalSection(SolutionConfigurationPlatforms) = preSolution
		Debug|Any CPU = Debug|Any CPU
		Release|Any CPU = Release|Any CPU
	EndGlobalSection
	GlobalSection(ProjectConfigurationPlatforms) = postSolution
		{4F672FCC-D508-41C7-8BF9-0E7B725763F9}.Debug|Any CPU.ActiveCfg = Debug|Any CPU
		{4F672FCC-D508-41C7-8BF9-0E7B725763F9}.Debug|Any CPU.Build.0 = Debug|Any CPU
		{4F672FCC-D508-41C7-8BF9-0E7B725763F9}.Release|Any CPU.ActiveCfg = Release|Any CPU
		{4F672FCC-D508-41C7-8BF9-0E7B725763F9}.Release|Any CPU.Build.0 = Release|Any CPU
	EndGlobalSection
	GlobalSection(SolutionProperties) = preSolution
		HideSolutionNode = FALSE
	EndGlobalSection
	GlobalSection(ExtensibilityGlobals) = postSolution
		SolutionGuid = {484DAA99-48DC-4D46-9D7D-9C0EB8B33770}
	EndGlobalSection
EndGlobal
