
Microsoft Visual Studio Solution File, Format Version 12.00
# Visual Studio Version 17
VisualStudioVersion = 17.4.33122.133
MinimumVisualStudioVersion = 10.0.40219.1
Project("{FAE04EC0-301F-11D3-BF4B-00C04F79EFBC}") = "install-from-nuget", "install-from-nuget\install-from-nuget.csproj", "{E12DB157-E87E-4CE6-8934-88BDDC88E6CB}"
EndProject
Global
	GlobalSection(SolutionConfigurationPlatforms) = preSolution
		Debug|Any CPU = Debug|Any CPU
		Release|Any CPU = Release|Any CPU
	EndGlobalSection
	GlobalSection(ProjectConfigurationPlatforms) = postSolution
		{E12DB157-E87E-4CE6-8934-88BDDC88E6CB}.Debug|Any CPU.ActiveCfg = Debug|Any CPU
		{E12DB157-E87E-4CE6-8934-88BDDC88E6CB}.Debug|Any CPU.Build.0 = Debug|Any CPU
		{E12DB157-E87E-4CE6-8934-88BDDC88E6CB}.Release|Any CPU.ActiveCfg = Release|Any CPU
		{E12DB157-E87E-4CE6-8934-88BDDC88E6CB}.Release|Any CPU.Build.0 = Release|Any CPU
	EndGlobalSection
	GlobalSection(SolutionProperties) = preSolution
		HideSolutionNode = FALSE
	EndGlobalSection
	GlobalSection(ExtensibilityGlobals) = postSolution
		SolutionGuid = {CB70B345-9CCA-4A9B-A18F-5327CBA47E5A}
	EndGlobalSection
EndGlobal
